
Microsoft Visual Studio Solution File, Format Version 12.00
# Visual Studio Version 17
VisualStudioVersion = 17.4.33122.133
MinimumVisualStudioVersion = 10.0.40219.1
Project("{FAE04EC0-301F-11D3-BF4B-00C04F79EFBC}") = "WebApplication1", "WebApplication1\WebApplication1.csproj", "{0E768029-86AC-4DB0-ACDC-6D88097EC47A}"
EndProject
Global
	GlobalSection(SolutionConfigurationPlatforms) = preSolution
		Debug|Any CPU = Debug|Any CPU
		Release|Any CPU = Release|Any CPU
	EndGlobalSection
	GlobalSection(ProjectConfigurationPlatforms) = postSolution
		{0E768029-86AC-4DB0-ACDC-6D88097EC47A}.Debug|Any CPU.ActiveCfg = Debug|Any CPU
		{0E768029-86AC-4DB0-ACDC-6D88097EC47A}.Debug|Any CPU.Build.0 = Debug|Any CPU
		{0E768029-86AC-4DB0-ACDC-6D88097EC47A}.Release|Any CPU.ActiveCfg = Release|Any CPU
		{0E768029-86AC-4DB0-ACDC-6D88097EC47A}.Release|Any CPU.Build.0 = Release|Any CPU
	EndGlobalSection
	GlobalSection(SolutionProperties) = preSolution
		HideSolutionNode = FALSE
	EndGlobalSection
	GlobalSection(ExtensibilityGlobals) = postSolution
		SolutionGuid = {1DFE4D25-BD6E-4218-BFB4-28909E933DBE}
	EndGlobalSection
EndGlobal
